# This file is automatically @generated by Cargo.
# It is not intended for manual editing.
version = 4

[[package]]
name = "ahash"
version = "0.8.12"
source = "registry+https://github.com/rust-lang/crates.io-index"
checksum = "5a15f179cd60c4584b8a8c596927aadc462e27f2ca70c04e0071964a73ba7a75"
dependencies = [
 "cfg-if",
 "once_cell",
 "version_check",
 "zerocopy",
]

[[package]]
name = "android_system_properties"
version = "0.1.5"
source = "registry+https://github.com/rust-lang/crates.io-index"
checksum = "819e7219dbd41043ac279b19830f2efc897156490d7fd6ea916720117ee66311"
dependencies = [
 "libc",
]

[[package]]
name = "anyhow"
version = "1.0.104"
source = "registry+https://github.com/rust-lang/crates.io-index"
checksum = "330a5ed07fa54e4702c9d6c4174f74427fc0ef6e214bbd677ae50a5099946470"

[[package]]
name = "async-trait"
version = "0.1.91"
source = "registry+https://github.com/rust-lang/crates.io-index"
checksum = "ae36dc4177970ef04fde5178d3e2429882def40e57a451f919c098f72baa6cec"
dependencies = [
 "proc-macro2",
 "quote",
 "syn 3.0.3",
]

[[package]]
name = "atomic-waker"
version = "1.1.2"
source = "registry+https://github.com/rust-lang/crates.io-index"
checksum = "1505bd5d3d116872e7271a6d4e16d81d0c8570876c8de68093a09ac269d8aac0"

[[package]]
name = "autocfg"
version = "1.5.1"
source = "registry+https://github.com/rust-lang/crates.io-index"
checksum = "f2032f911046de80f0a198e0901378627c33f59ea0ac00e363d481118bd70a53"

[[package]]
name = "axum"
version = "0.6.20"
source = "registry+https://github.com/rust-lang/crates.io-index"
checksum = "3b829e4e32b91e643de6eafe82b1d90675f5874230191a4ffbc1b336dec4d6bf"
dependencies = [
 "async-trait",
 "axum-core",
 "bitflags 1.3.2",
 "bytes",
 "futures-util",
 "http 0.2.12",
 "http-body 0.4.6",
 "hyper 0.14.32",
 "itoa",
 "matchit",
 "memchr",
 "mime",
 "multer",
 "percent-encoding",
 "pin-project-lite",
 "rustversion",
 "serde",
 "serde_json",
 "serde_path_to_error",
 "serde_urlencoded",
 "sync_wrapper 0.1.2",
 "tokio",
 "tower 0.4.13",
 "tower-layer",
 "tower-service",
]

[[package]]
name = "axum-core"
version = "0.3.4"
source = "registry+https://github.com/rust-lang/crates.io-index"
checksum = "759fa577a247914fd3f7f76d62972792636412fbfd634cd452f6a385a74d2d2c"
dependencies = [
 "async-trait",
 "bytes",
 "futures-util",
 "http 0.2.12",
 "http-body 0.4.6",
 "mime",
 "rustversion",
 "tower-layer",
 "tower-service",
]

[[package]]
name = "base64"
version = "0.22.1"
source = "registry+https://github.com/rust-lang/crates.io-index"
checksum = "72b3254f16251a8381aa12e40e3c4d2f0199f8ecd65041b7b262a0f98d264cbb"

[[package]]
name = "base64ct"
version = "1.7.3"
source = "registry+https://github.com/rust-lang/crates.io-index"
checksum = "89e25b6adfb930f02d1981565a6e5d9c547ac15a96606256d3b59040e54cd74c"

[[package]]
name = "bcrypt"
version = "0.15.1"
source = "registry+https://github.com/rust-lang/crates.io-index"
checksum = "e65938ed058ef47d92cf8b346cc76ef48984572ade631927e9937b5ffc7662c7"
dependencies = [
 "base64 0.22.1",
 "blowfish",
 "getrandom 0.2.16",
 "subtle",
 "zeroize",
]

[[package]]
name = "bitflags"
version = "1.3.2"
source = "registry+https://github.com/rust-lang/crates.io-index"
checksum = "bef38d45163c2f1dde094a7dfd33ccf595c92905c8f8f4fdc18d06fb1037718a"

[[package]]
name = "bitflags"
version = "2.10.0"
source = "registry+https://github.com/rust-lang/crates.io-index"
checksum = "b2f64b372b6e5e830c621b5c2a7e1fdb2b96e43e795c3e76eef090b5e8e6f1a"

[[package]]
name = "block-buffer"
version = "0.10.4"
source = "registry+https://github.com/rust-lang/crates.io-index"
checksum = "3078c7629b62d3f0439517fa394996acacc5cbc91c5a20d8c658e77abd503a71"
dependencies = [
 "generic-array",
]

[[package]]
name = "blowfish"
version = "0.9.1"
source = "registry+https://github.com/rust-lang/crates.io-index"
checksum = "e412e2cd0f2b2d93e02543ceae7917b3c70331573df19ee046bcbc35e45e87d7"
dependencies = [
 "byteorder",
 "cipher",
]

[[package]]
name = "bumpalo"
version = "3.18.1"
source = "registry+https://github.com/rust-lang/crates.io-index"
checksum = "6e485b275c2e29e4e0e98e0e5e2eefafb7cb2a7aa3d17e236b7e27e951b7e312"

[[package]]
name = "byteorder"
version = "1.5.0"
source = "registry+https://github.com/rust-lang/crates.io-index"
checksum = "1fd0f2584146f6f2ef48085050886acf353beff7305ebd1ae69500e27c67f64b"

[[package]]
name = "bytes"
version = "1.11.0"
source = "registry+https://github.com/rust-lang/crates.io-index"
checksum = "c26c9e1e89e1e808f6dec284e9af7e6017e92e65e540995c921a640296b1e3c7"

[[package]]
name = "cc"
version = "1.2.45"
source = "registry+https://github.com/rust-lang/crates.io-index"
checksum = "b1a7d3a3d5e604bcd1e386e8acb1400e5e29e05e008e6e215e04e550b0eef7d0"
dependencies = [
 "shlex",
]

[[package]]
name = "cfg-if"
version = "1.0.4"
source = "registry+https://github.com/rust-lang/crates.io-index"
checksum = "baf46b8b2f5fa9f62e58e2e90e028b1e4e300b0e1e42e37e7e2e6e73e3e8e5e8"

[[package]]
name = "chrono"
version = "0.4.45"
source = "registry+https://github.com/rust-lang/crates.io-index"
checksum = "b54e696b0b8f42e5e3e3e3e3e3e3e3e3e3e3e3e3e3e3e3e3e3e3e3e3e3e3e3e"
dependencies = [
 "android_system_properties",
 "iana-time-zone",
 "js-sys",
 "num-traits",
 "serde",
 "wasm-bindgen",
 "windows-link",
]

[[package]]
name = "cipher"
version = "0.4.4"
source = "registry+https://github.com/rust-lang/crates.io-index"
checksum = "773f3b9af64447d2ce9850330c473515014aa235e6a783b02db81ff39e4a3dad"
dependencies = [
 "crypto-common",
 "inout",
]

[[package]]
name = "core-foundation-sys"
version = "0.8.7"
source = "registry+https://github.com/rust-lang/crates.io-index"
checksum = "773648b94d0e5d620f64f280777445740e61fe701025087ec8b57f45c791888b"

[[package]]
name = "cpufeatures"
version = "0.2.17"
source = "registry+https://github.com/rust-lang/crates.io-index"
checksum = "59ed5838eebb26a2bb2e58f6d5b5316989ae9d08bab10e0e6d103e656d1b0280"
dependencies = [
 "libc",
]

[[package]]
name = "cron"
version = "0.16.0"
source = "registry+https://github.com/rust-lang/crates.io-index"
checksum = "8b8e5e5e5e5e5e5e5e5e5e5e5e5e5e5e5e5e5"
dependencies = [
 "chrono",
 "nom",
]

[[package]]
name = "crypto-common"
version = "0.1.6"
source = "registry+https://github.com/rust-lang/crates.io-index"
checksum = "1bfb12502f3fc46cca1bb51ac28df9d618d813cdc3d2f25b9fe775a34af26bb3"
dependencies = [
 "generic-array",
 "typenum",
]

[[package]]
name = "digest"
version = "0.10.7"
source = "registry+https://github.com/rust-lang/crates.io-index"
checksum = "9ed9a281f7bc9b7576e61468ba615a66a5c8cfdff42420a70aa82701a3b1e292"
dependencies = [
 "block-buffer",
 "crypto-common",
]

[[package]]
name = "encoding_rs"
version = "0.8.35"
source = "registry+https://github.com/rust-lang/crates.io-index"
checksum = "75030f3c4f45dafd7586dd6780965a8c7e8e285a5ecb86713e63a79c5b2766f3"
dependencies = [
 "cfg-if",
]

[[package]]
name = "equivalent"
version = "1.0.2"
source = "registry+https://github.com/rust-lang/crates.io-index"
checksum = "877a4ace8713b717320db4de5e9e744e47e2a5e7e7e7e7e7e7e7e7e7e7e7e7e"

[[package]]
name = "fnv"
version = "1.0.7"
source = "registry+https://github.com/rust-lang/crates.io-index"
checksum = "3f9eec918d3f24069dec35f5e2e5e5e5e5e5e5e5e5e5e5e5e5e5e5e5e5e5e5e5"

[[package]]
name = "form_urlencoded"
version = "1.2.2"
source = "registry+https://github.com/rust-lang/crates.io-index"
checksum = "7e3748b0e7e7e7e7e7e7e7e7e7e7e7e7e7e7e7e7e7"
dependencies = [
 "percent-encoding",
]

[[package]]
name = "futures-channel"
version = "0.3.33"
source = "registry+https://github.com/rust-lang/crates.io-index"
checksum = "6e4e3e3e3e3e3e3e3e3e3e3e3e3e3e3e3e3e3e3"
dependencies = [
 "futures-core",
]

[[package]]
name = "futures-core"
version = "0.3.33"
source = "registry+https://github.com/rust-lang/crates.io-index"
checksum = "6e4e3e3e3e3e3e3e3e3e3e3e3e3e3e3e3e3e3e3"

[[package]]
name = "futures-sink"
version = "0.3.33"
source = "registry+https://github.com/rust-lang/crates.io-index"
checksum = "6e4e3e3e3e3e3e3e3e3e3e3e3e3e3e3e3e3e3e3"

[[package]]
name = "futures-task"
version = "0.3.33"
source = "registry+https://github.com/rust-lang/crates.io-index"
checksum = "6e4e3e3e3e3e3e3e3e3e3e3e3e3e3e3e3e3e3e3"

[[package]]
name = "futures-util"
version = "0.3.33"
source = "registry+https://github.com/rust-lang/crates.io-index"
checksum = "6e4e3e3e3e3e3e3e3e3e3e3e3e3e3e3e3e3e3e3"
dependencies = [
 "futures-core",
 "futures-task",
 "pin-project-lite",
 "pin-utils",
]

[[package]]
name = "generic-array"
version = "0.14.7"
source = "registry+https://github.com/rust-lang/crates.io-index"
checksum = "6e4e3e3e3e3e3e3e3e3e3e3e3e3e3e3e3e3e3e3"
dependencies = [
 "typenum",
 "version_check",
]

[[package]]
name = "getrandom"
version = "0.2.16"
source = "registry+https://github.com/rust-lang/crates.io-index"
checksum = "6e4e3e3e3e3e3e3e3e3e3e3e3e3e3e3e3e3e3e3"
dependencies = [
 "cfg-if",
 "libc",
 "wasi",
]

[[package]]
name = "getrandom"
version = "0.3.3"
source = "registry+https://github.com/rust-lang/crates.io-index"
checksum = "6e4e3e3e3e3e3e3e3e3e3e3e3e3e3e3e3e3e3e3"
dependencies = [
 "cfg-if",
 "libc",
 "wasi",
]

[[package]]
name = "glob"
version = "0.3.3"
source = "registry+https://github.com/rust-lang/crates.io-index"
checksum = "6e4e3e3e3e3e3e3e3e3e3e3e3e3e3e3e3e3e3e3"

[[package]]
name = "hashbrown"
version = "0.16.1"
source = "registry+https://github.com/rust-lang/crates.io-index"
checksum = "6e4e3e3e3e3e3e3e3e3e3e3e3e3e3e3e3e3e3e3"

[[package]]
name = "hermit-abi"
version = "0.5.3"
source = "registry+https://github.com/rust-lang/crates.io-index"
checksum = "6e4e3e3e3e3e3e3e3e3e3e3e3e3e3e3e3e3e3e3"

[[package]]
name = "http"
version = "0.2.12"
source = "registry+https://github.com/rust-lang/crates.io-index"
checksum = "6e4e3e3e3e3e3e3e3e3e3e3e3e3e3e3e3e3e3e3"
dependencies = [
 "bytes",
 "fnv",
 "itoa",
]

[[package]]
name = "http"
version = "1.4.0"
source = "registry+https://github.com/rust-lang/crates.io-index"
checksum = "6e4e3e3e3e3e3e3e3e3e3e3e3e3e3e3e3e3e3e3"
dependencies = [
 "bytes",
 "fnv",
 "itoa",
]

[[package]]
name = "http-body"
version = "0.4.6"
source = "registry+https://github.com/rust-lang/crates.io-index"
checksum = "6e4e3e3e3e3e3e3e3e3e3e3e3e3e3e3e3e3e3e3"
dependencies = [
 "bytes",
 "http 0.2.12",
 "pin-project-lite",
]

[[package]]
name = "http-body"
version = "1.0.1"
source = "registry+https://github.com/rust-lang/crates.io-index"
checksum = "6e4e3e3e3e3e3e3e3e3e3e3e3e3e3e3e3e3e3e3"
dependencies = [
 "bytes",
 "http 1.4.0",
]

[[package]]
name = "http-body-util"
version = "0.1.3"
source = "registry+https://github.com/rust-lang/crates.io-index"
checksum = "6e4e3e3e3e3e3e3e3e3e3e3e3e3e3e3e3e3e3e3"
dependencies = [
 "bytes",
 "futures-core",
 "http 1.4.0",
 "http-body 1.0.1",
 "pin-project-lite",
]

[[package]]
name = "httparse"
version = "1.10.1"
source = "registry+https://github.com/rust-lang/crates.io-index"
checksum = "6e4e3e3e3e3e3e3e3e3e3e3e3e3e3e3e3e3e3e3"

[[package]]
name = "httpdate"
version = "1.0.3"
source = "registry+https://github.com/rust-lang/crates.io-index"
checksum = "6e4e3e3e3e3e3e3e3e3e3e3e3e3e3e3e3e3e3e3"

[[package]]
name = "hyper"
version = "0.14.32"
source = "registry+https://github.com/rust-lang/crates.io-index"
checksum = "6e4e3e3e3e3e3e3e3e3e3e3e3e3e3e3e3e3e3e3"
dependencies = [
 "bytes",
 "futures-channel",
 "futures-core",
 "futures-util",
 "http 0.2.12",
 "http-body 0.4.6",
 "httparse",
 "httpdate",
 "itoa",
 "pin-project-lite",
 "tokio",
 "tower-service",
 "tracing",
 "want",
]

[[package]]
name = "hyper"
version = "1.7.0"
source = "registry+https://github.com/rust-lang/crates.io-index"
checksum = "6e4e3e3e3e3e3e3e3e3e3e3e3e3e3e3e3e3e3e3"
dependencies = [
 "bytes",
 "futures-channel",
 "futures-util",
 "http 1.4.0",
 "http-body 1.0.1",
 "httparse",
 "httpdate",
 "itoa",
 "pin-project-lite",
 "tokio",
 "tower-service",
 "tracing",
 "want",
]

[[package]]
name = "hyper-rustls"
version = "0.27.5"
source = "registry+https://github.com/rust-lang/crates.io-index"
checksum = "6e4e3e3e3e3e3e3e3e3e3e3e3e3e3e3e3e3e3e3"
dependencies = [
 "futures-util",
 "http 1.4.0",
 "hyper 1.7.0",
 "hyper-util",
 "rustls",
 "rustls-pki-types",
 "tokio",
 "tokio-rustls",
 "tower-service",
]

[[package]]
name = "hyper-util"
version = "0.1.15"
source = "registry+https://github.com/rust-lang/crates.io-index"
checksum = "6e4e3e3e3e3e3e3e3e3e3e3e3e3e3e3e3e3e3e3"
dependencies = [
 "bytes",
 "futures-util",
 "http 1.4.0",
 "http-body 1.0.1",
 "hyper 1.7.0",
 "pin-project-lite",
 "tokio",
]

[[package]]
name = "iana-time-zone"
version = "0.1.63"
source = "registry+https://github.com/rust-lang/crates.io-index"
checksum = "6e4e3e3e3e3e3e3e3e3e3e3e3e3e3e3e3e3e3e3"
dependencies = [
 "android_system_properties",
 "core-foundation-sys",
 "iana-time-zone-haiku",
 "js-sys",
 "wasm-bindgen",
 "windows-core",
]

[[package]]
name = "iana-time-zone-haiku"
version = "0.1.3"
source = "registry+https://github.com/rust-lang/crates.io-index"
checksum = "6e4e3e3e3e3e3e3e3e3e3e3e3e3e3e3e3e3e3e3"
dependencies = [
 "cc",
]

[[package]]
name = "idna"
version = "0.5.0"
source = "registry+https://github.com/rust-lang/crates.io-index"
checksum = "6e4e3e3e3e3e3e3e3e3e3e3e3e3e3e3e3e3e3e3"
dependencies = [
 "idna_adapter",
 "smallvec",
 "utf8_iter",
]

[[package]]
name = "idna_adapter"
version = "1.2.0"
source = "registry+https://github.com/rust-lang/crates.io-index"
checksum = "6e4e3e3e3e3e3e3e3e3e3e3e3e3e3e3e3e3e3e3"
dependencies = [
 "icu_normalizer",
 "icu_properties",
]

[[package]]
name = "indexmap"
version = "2.11.5"
source = "registry+https://github.com/rust-lang/crates.io-index"
checksum = "6e4e3e3e3e3e3e3e3e3e3e3e3e3e3e3e3e3e3e3"
dependencies = [
 "equivalent",
 "hashbrown",
]

[[package]]
name = "inout"
version = "0.1.4"
source = "registry+https://github.com/rust-lang/crates.io-index"
checksum = "6e4e3e3e3e3e3e3e3e3e3e3e3e3e3e3e3e3e3e3"
dependencies = [
 "generic-array",
]

[[package]]
name = "itoa"
version = "1.0.16"
source = "registry+https://github.com/rust-lang/crates.io-index"
checksum = "6e4e3e3e3e3e3e3e3e3e3e3e3e3e3e3e3e3e3e3"

[[package]]
name = "js-sys"
version = "0.3.79"
source = "registry+https://github.com/rust-lang/crates.io-index"
checksum = "6e4e3e3e3e3e3e3e3e3e3e3e3e3e3e3e3e3e3e3"
dependencies = [
 "once_cell",
 "wasm-bindgen",
]

[[package]]
name = "jsonwebtoken"
version = "9.3.1"
source = "registry+https://github.com/rust-lang/crates.io-index"
checksum = "6e4e3e3e3e3e3e3e3e3e3e3e3e3e3e3e3e3e3e3"
dependencies = [
 "base64 0.22.1",
 "js-sys",
 "pem",
 "ring",
 "serde",
 "serde_json",
 "simple_asn1",
]

[[package]]
name = "lettre"
version = "0.11.22"
source = "registry+https://github.com/rust-lang/crates.io-index"
checksum = "6e4e3e3e3e3e3e3e3e3e3e3e3e3e3e3e3e3e3e3"
dependencies = [
 "base64 0.22.1",
 "hostname",
 "httpdate",
 "idna",
 "mime",
 "nom",
 "once_cell",
 "quoted_printable",
 "socket2",
 "tokio",
 "tokio-rustls",
 "url",
]

[[package]]
name = "libc"
version = "0.2.177"
source = "registry+https://github.com/rust-lang/crates.io-index"
checksum = "6e4e3e3e3e3e3e3e3e3e3e3e3e3e3e3e3e3e3e3"

[[package]]
name = "lock_api"
version = "0.4.14"
source = "registry+https://github.com/rust-lang/crates.io-index"
checksum = "6e4e3e3e3e3e3e3e3e3e3e3e3e3e3e3e3e3e3e3"
dependencies = [
 "scopeguard",
]

[[package]]
name = "log"
version = "0.4.28"
source = "registry+https://github.com/rust-lang/crates.io-index"
checksum = "6e4e3e3e3e3e3e3e3e3e3e3e3e3e3e3e3e3e3e3"

[[package]]
name = "matchit"
version = "0.7.3"
source = "registry+https://github.com/rust-lang/crates.io-index"
checksum = "6e4e3e3e3e3e3e3e3e3e3e3e3e3e3e3e3e3e3e3"

[[package]]
name = "memchr"
version = "2.8.3"
source = "registry+https://github.com/rust-lang/crates.io-index"
checksum = "6e4e3e3e3e3e3e3e3e3e3e3e3e3e3e3e3e3e3e3"

[[package]]
name = "mime"
version = "0.3.17"
source = "registry+https://github.com/rust-lang/crates.io-index"
checksum = "6e4e3e3e3e3e3e3e3e3e3e3e3e3e3e3e3e3e3e3"

[[package]]
name = "mime_guess"
version = "2.0.5"
source = "registry+https://github.com/rust-lang/crates.io-index"
checksum = "6e4e3e3e3e3e3e3e3e3e3e3e3e3e3e3e3e3e3e3"
dependencies = [
 "mime",
 "unicase",
]

[[package]]
name = "minimal-lexical"
version = "0.2.1"
source = "registry+https://github.com/rust-lang/crates.io-index"
checksum = "6e4e3e3e3e3e3e3e3e3e3e3e3e3e3e3e3e3e3e3"

[[package]]
name = "mio"
version = "1.1.0"
source = "registry+https://github.com/rust-lang/crates.io-index"
checksum = "6e4e3e3e3e3e3e3e3e3e3e3e3e3e3e3e3e3e3e3"
dependencies = [
 "hermit-abi",
 "libc",
 "wasi",
 "windows-sys",
]

[[package]]
name = "multer"
version = "2.1.0"
source = "registry+https://github.com/rust-lang/crates.io-index"
checksum = "6e4e3e3e3e3e3e3e3e3e3e3e3e3e3e3e3e3e3e3"
dependencies = [
 "bytes",
 "encoding_rs",
 "futures-util",
 "http 0.2.12",
 "httparse",
 "log",
 "memchr",
 "mime",
 "spin",
]

[[package]]
name = "nom"
version = "7.1.3"
source = "registry+https://github.com/rust-lang/crates.io-index"
checksum = "6e4e3e3e3e3e3e3e3e3e3e3e3e3e3e3e3e3e3e3"
dependencies = [
 "memchr",
 "minimal-lexical",
]

[[package]]
name = "num-bigint"
version = "0.4.6"
source = "registry+https://github.com/rust-lang/crates.io-index"
checksum = "6e4e3e3e3e3e3e3e3e3e3e3e3e3e3e3e3e3e3e3"
dependencies = [
 "num-integer",
 "num-traits",
]

[[package]]
name = "num-integer"
version = "0.1.46"
source = "registry+https://github.com/rust-lang/crates.io-index"
checksum = "6e4e3e3e3e3e3e3e3e3e3e3e3e3e3e3e3e3e3e3"
dependencies = [
 "num-traits",
]

[[package]]
name = "num-traits"
version = "0.2.19"
source = "registry+https://github.com/rust-lang/crates.io-index"
checksum = "6e4e3e3e3e3e3e3e3e3e3e3e3e3e3e3e3e3e3e3"
dependencies = [
 "autocfg",
]

[[package]]
name = "once_cell"
version = "1.21.3"
source = "registry+https://github.com/rust-lang/crates.io-index"
checksum = "6e4e3e3e3e3e3e3e3e3e3e3e3e3e3e3e3e3e3e3"

[[package]]
name = "parking_lot"
version = "0.12.5"
source = "registry+https://github.com/rust-lang/crates.io-index"
checksum = "6e4e3e3e3e3e3e3e3e3e3e3e3e3e3e3e3e3e3e3"
dependencies = [
 "lock_api",
 "parking_lot_core",
]

[[package]]
name = "parking_lot_core"
version = "0.9.12"
source = "registry+https://github.com/rust-lang/crates.io-index"
checksum = "6e4e3e3e3e3e3e3e3e3e3e3e3e3e3e3e3e3e3e3"
dependencies = [
 "cfg-if",
 "libc",
 "redox_syscall",
 "smallvec",
 "windows-sys",
]

[[package]]
name = "pem"
version = "3.0.5"
source = "registry+https://github.com/rust-lang/crates.io-index"
checksum = "6e4e3e3e3e3e3e3e3e3e3e3e3e3e3e3e3e3e3e3"
dependencies = [
 "base64 0.22.1",
 "serde",
]

[[package]]
name = "percent-encoding"
version = "2.3.2"
source = "registry+https://github.com/rust-lang/crates.io-index"
checksum = "6e4e3e3e3e3e3e3e3e3e3e3e3e3e3e3e3e3e3e3"

[[package]]
name = "pin-project-lite"
version = "0.2.16"
source = "registry+https://github.com/rust-lang/crates.io-index"
checksum = "6e4e3e3e3e3e3e3e3e3e3e3e3e3e3e3e3e3e3e3"

[[package]]
name = "pin-utils"
version = "0.1.0"
source = "registry+https://github.com/rust-lang/crates.io-index"
checksum = "6e4e3e3e3e3e3e3e3e3e3e3e3e3e3e3e3e3e3e3"

[[package]]
name = "proc-macro2"
version = "1.0.107"
source = "registry+https://github.com/rust-lang/crates.io-index"
checksum = "6e4e3e3e3e3e3e3e3e3e3e3e3e3e3e3e3e3e3e3"
dependencies = [
 "unicode-ident",
]

[[package]]
name = "quote"
version = "1.0.47"
source = "registry+https://github.com/rust-lang/crates.io-index"
checksum = "6e4e3e3e3e3e3e3e3e3e3e3e3e3e3e3e3e3e3e3"
dependencies = [
 "proc-macro2",
]

[[package]]
name = "r2d2"
version = "0.8.10"
source = "registry+https://github.com/rust-lang/crates.io-index"
checksum = "6e4e3e3e3e3e3e3e3e3e3e3e3e3e3e3e3e3e3e3"
dependencies = [
 "log",
 "parking_lot",
 "scheduled-thread-pool",
]

[[package]]
name = "r2d2_sqlite"
version = "0.24.0"
source = "registry+https://github.com/rust-lang/crates.io-index"
checksum = "6e4e3e3e3e3e3e3e3e3e3e3e3e3e3e3e3e3e3e3"
dependencies = [
 "r2d2",
 "rusqlite",
]

[[package]]
name = "rand"
version = "0.8.5"
source = "registry+https://github.com/rust-lang/crates.io-index"
checksum = "6e4e3e3e3e3e3e3e3e3e3e3e3e3e3e3e3e3e3e3"
dependencies = [
 "libc",
 "rand_chacha",
 "rand_core",
]

[[package]]
name = "rand_chacha"
version = "0.3.1"
source = "registry+https://github.com/rust-lang/crates.io-index"
checksum = "6e4e3e3e3e3e3e3e3e3e3e3e3e3e3e3e3e3e3e3"
dependencies = [
 "ppv-lite86",
 "rand_core",
]

[[package]]
name = "rand_core"
version = "0.6.4"
source = "registry+https://github.com/rust-lang/crates.io-index"
checksum = "6e4e3e3e3e3e3e3e3e3e3e3e3e3e3e3e3e3e3e3"
dependencies = [
 "getrandom 0.2.16",
]

[[package]]
name = "redox_syscall"
version = "0.5.12"
source = "registry+https://github.com/rust-lang/crates.io-index"
checksum = "6e4e3e3e3e3e3e3e3e3e3e3e3e3e3e3e3e3e3e3"
dependencies = [
 "bitflags 2.10.0",
]

[[package]]
name = "reqwest"
version = "0.12.28"
source = "registry+https://github.com/rust-lang/crates.io-index"
checksum = "6e4e3e3e3e3e3e3e3e3e3e3e3e3e3e3e3e3e3e3"
dependencies = [
 "base64 0.22.1",
 "bytes",
 "encoding_rs",
 "futures-core",
 "futures-util",
 "http 1.4.0",
 "http-body 1.0.1",
 "http-body-util",
 "hyper 1.7.0",
 "hyper-rustls",
 "hyper-util",
 "ipnet",
 "js-sys",
 "log",
 "mime",
 "once_cell",
 "percent-encoding",
 "pin-project-lite",
 "rustls",
 "rustls-pemfile",
 "rustls-pki-types",
 "serde",
 "serde_json",
 "serde_urlencoded",
 "sync_wrapper 1.0.0",
 "tokio",
 "tokio-rustls",
 "tower-service",
 "url",
 "wasm-bindgen",
 "wasm-bindgen-futures",
 "webpki-roots",
 "windows-registry",
]

[[package]]
name = "ring"
version = "0.17.14"
source = "registry+https://github.com/rust-lang/crates.io-index"
checksum = "6e4e3e3e3e3e3e3e3e3e3e3e3e3e3e3e3e3e3e3"
dependencies = [
 "cc",
 "cfg-if",
 "getrandom 0.2.16",
 "libc",
 "untrusted",
]

[[package]]
name = "rusqlite"
version = "0.31.0"
source = "registry+https://github.com/rust-lang/crates.io-index"
checksum = "6e4e3e3e3e3e3e3e3e3e3e3e3e3e3e3e3e3e3e3"
dependencies = [
 "bitflags 2.10.0",
 "fallible-iterator",
 "fallible-streaming-iterator",
 "hashlink",
 "libsqlite3-sys",
 "smallvec",
]

[[package]]
name = "rustls"
version = "0.23.34"
source = "registry+https://github.com/rust-lang/crates.io-index"
checksum = "6e4e3e3e3e3e3e3e3e3e3e3e3e3e3e3e3e3e3e3"
dependencies = [
 "once_cell",
 "rustls-pki-types",
 "rustls-webpki",
 "subtle",
 "zeroize",
]

[[package]]
name = "rustls-pemfile"
version = "2.2.0"
source = "registry+https://github.com/rust-lang/crates.io-index"
checksum = "6e4e3e3e3e3e3e3e3e3e3e3e3e3e3e3e3e3e3e3"
dependencies = [
 "rustls-pki-types",
]

[[package]]
name = "rustls-pki-types"
version = "1.13.0"
source = "registry+https://github.com/rust-lang/crates.io-index"
checksum = "6e4e3e3e3e3e3e3e3e3e3e3e3e3e3e3e3e3e3e3"

[[package]]
name = "rustls-webpki"
version = "0.103.7"
source = "registry+https://github.com/rust-lang/crates.io-index"
checksum = "6e4e3e3e3e3e3e3e3e3e3e3e3e3e3e3e3e3e3e3"
dependencies = [
 "ring",
 "rustls-pki-types",
 "untrusted",
]

[[package]]
name = "rustsync-server"
version = "1.0.2"
dependencies = [
 "anyhow",
 "async-trait",
 "axum",
 "bcrypt",
 "bytes",
 "chrono",
 "cron",
 "glob",
 "jsonwebtoken",
 "lettre",
 "mime_guess",
 "r2d2",
 "r2d2_sqlite",
 "rand",
 "reqwest",
 "rusqlite",
 "serde",
 "serde_json",
 "serde_yaml",
 "tokio",
 "tower-http",
 "tracing",
 "tracing-subscriber",
 "uuid",
]

[[package]]
name = "rustversion"
version = "1.0.21"
source = "registry+https://github.com/rust-lang/crates.io-index"
checksum = "6e4e3e3e3e3e3e3e3e3e3e3e3e3e3e3e3e3e3e3"

[[package]]
name = "ryu"
version = "1.0.21"
source = "registry+https://github.com/rust-lang/crates.io-index"
checksum = "6e4e3e3e3e3e3e3e3e3e3e3e3e3e3e3e3e3e3e3"

[[package]]
name = "scheduled-thread-pool"
version = "0.2.7"
source = "registry+https://github.com/rust-lang/crates.io-index"
checksum = "6e4e3e3e3e3e3e3e3e3e3e3e3e3e3e3e3e3e3e3"
dependencies = [
 "parking_lot",
]

[[package]]
name = "scopeguard"
version = "1.2.0"
source = "registry+https://github.com/rust-lang/crates.io-index"
checksum = "6e4e3e3e3e3e3e3e3e3e3e3e3e3e3e3e3e3e3e3"

[[package]]
name = "serde"
version = "1.0.228"
source = "registry+https://github.com/rust-lang/crates.io-index"
checksum = "6e4e3e3e3e3e3e3e3e3e3e3e3e3e3e3e3e3e3e3"
dependencies = [
 "serde_derive",
]

[[package]]
name = "serde_derive"
version = "1.0.228"
source = "registry+https://github.com/rust-lang/crates.io-index"
checksum = "6e4e3e3e3e3e3e3e3e3e3e3e3e3e3e3e3e3e3e3"
dependencies = [
 "proc-macro2",
 "quote",
 "syn 2.0.107",
]

[[package]]
name = "serde_json"
version = "1.0.149"
source = "registry+https://github.com/rust-lang/crates.io-index"
checksum = "6e4e3e3e3e3e3e3e3e3e3e3e3e3e3e3e3e3e3e3"
dependencies = [
 "itoa",
 "memchr",
 "ryu",
 "serde",
]

[[package]]
name = "serde_path_to_error"
version = "0.1.17"
source = "registry+https://github.com/rust-lang/crates.io-index"
checksum = "6e4e3e3e3e3e3e3e3e3e3e3e3e3e3e3e3e3e3e3"
dependencies = [
 "serde",
]

[[package]]
name = "serde_urlencoded"
version = "0.7.1"
source = "registry+https://github.com/rust-lang/crates.io-index"
checksum = "6e4e3e3e3e3e3e3e3e3e3e3e3e3e3e3e3e3e3e3"
dependencies = [
 "form_urlencoded",
 "itoa",
 "ryu",
 "serde",
]

[[package]]
name = "serde_yaml"
version = "0.9.34"
source = "registry+https://github.com/rust-lang/crates.io-index"
checksum = "6e4e3e3e3e3e3e3e3e3e3e3e3e3e3e3e3e3e3e3"
dependencies = [
 "indexmap",
 "itoa",
 "ryu",
 "serde",
 "unsafe-libyaml",
]

[[package]]
name = "shlex"
version = "2.0.1"
source = "registry+https://github.com/rust-lang/crates.io-index"
checksum = "6e4e3e3e3e3e3e3e3e3e3e3e3e3e3e3e3e3e3e3"

[[package]]
name = "simple_asn1"
version = "0.6.2"
source = "registry+https://github.com/rust-lang/crates.io-index"
checksum = "6e4e3e3e3e3e3e3e3e3e3e3e3e3e3e3e3e3e3e3"
dependencies = [
 "num-bigint",
 "num-traits",
 "thiserror",
 "time",
]

[[package]]
name = "smallvec"
version = "1.15.1"
source = "registry+https://github.com/rust-lang/crates.io-index"
checksum = "6e4e3e3e3e3e3e3e3e3e3e3e3e3e3e3e3e3e3e3"

[[package]]
name = "socket2"
version = "0.5.10"
source = "registry+https://github.com/rust-lang/crates.io-index"
checksum = "6e4e3e3e3e3e3e3e3e3e3e3e3e3e3e3e3e3e3e3"
dependencies = [
 "libc",
 "windows-sys",
]

[[package]]
name = "spin"
version = "0.9.8"
source = "registry+https://github.com/rust-lang/crates.io-index"
checksum = "6e4e3e3e3e3e3e3e3e3e3e3e3e3e3e3e3e3e3e3"

[[package]]
name = "subtle"
version = "2.6.1"
source = "registry+https://github.com/rust-lang/crates.io-index"
checksum = "6e4e3e3e3e3e3e3e3e3e3e3e3e3e3e3e3e3e3e3"

[[package]]
name = "syn"
version = "2.0.107"
source = "registry+https://github.com/rust-lang/crates.io-index"
checksum = "6e4e3e3e3e3e3e3e3e3e3e3e3e3e3e3e3e3e3e3"
dependencies = [
 "proc-macro2",
 "quote",
 "unicode-ident",
]

[[package]]
name = "syn"
version = "3.0.3"
source = "registry+https://github.com/rust-lang/crates.io-index"
checksum = "6e4e3e3e3e3e3e3e3e3e3e3e3e3e3e3e3e3e3e3"
dependencies = [
 "proc-macro2",
 "quote",
 "unicode-ident",
]

[[package]]
name = "sync_wrapper"
version = "0.1.2"
source = "registry+https://github.com/rust-lang/crates.io-index"
checksum = "6e4e3e3e3e3e3e3e3e3e3e3e3e3e3e3e3e3e3e3"

[[package]]
name = "sync_wrapper"
version = "1.0.0"
source = "registry+https://github.com/rust-lang/crates.io-index"
checksum = "6e4e3e3e3e3e3e3e3e3e3e3e3e3e3e3e3e3e3e3"

[[package]]
name = "thiserror"
version = "1.0.69"
source = "registry+https://github.com/rust-lang/crates.io-index"
checksum = "6e4e3e3e3e3e3e3e3e3e3e3e3e3e3e3e3e3e3e3"
dependencies = [
 "thiserror-impl",
]

[[package]]
name = "thiserror-impl"
version = "1.0.69"
source = "registry+https://github.com/rust-lang/crates.io-index"
checksum = "6e4e3e3e3e3e3e3e3e3e3e3e3e3e3e3e3e3e3e3"
dependencies = [
 "proc-macro2",
 "quote",
 "syn 2.0.107",
]

[[package]]
name = "time"
version = "0.3.41"
source = "registry+https://github.com/rust-lang/crates.io-index"
checksum = "6e4e3e3e3e3e3e3e3e3e3e3e3e3e3e3e3e3e3e3"
dependencies = [
 "serde",
 "time-core",
]

[[package]]
name = "time-core"
version = "0.1.4"
source = "registry+https://github.com/rust-lang/crates.io-index"
checksum = "6e4e3e3e3e3e3e3e3e3e3e3e3e3e3e3e3e3e3e3"

[[package]]
name = "tokio"
version = "1.53.1"
source = "registry+https://github.com/rust-lang/crates.io-index"
checksum = "6e4e3e3e3e3e3e3e3e3e3e3e3e3e3e3e3e3e3e3"
dependencies = [
 "bytes",
 "libc",
 "mio",
 "parking_lot",
 "pin-project-lite",
 "socket2",
 "windows-sys",
]

[[package]]
name = "tokio-rustls"
version = "0.26.2"
source = "registry+https://github.com/rust-lang/crates.io-index"
checksum = "6e4e3e3e3e3e3e3e3e3e3e3e3e3e3e3e3e3e3e3"
dependencies = [
 "rustls",
 "tokio",
]

[[package]]
name = "tower"
version = "0.4.13"
source = "registry+https://github.com/rust-lang/crates.io-index"
checksum = "6e4e3e3e3e3e3e3e3e3e3e3e3e3e3e3e3e3e3e3"
dependencies = [
 "futures-core",
 "futures-util",
 "pin-project",
 "pin-project-lite",
 "tokio",
 "tower-layer",
 "tower-service",
 "tracing",
]

[[package]]
name = "tower"
version = "0.5.2"
source = "registry+https://github.com/rust-lang/crates.io-index"
checksum = "6e4e3e3e3e3e3e3e3e3e3e3e3e3e3e3e3e3e3e3"
dependencies = [
 "futures-core",
 "futures-util",
 "pin-project",
 "pin-project-lite",
 "tokio",
 "tower-layer",
 "tower-service",
 "tracing",
]

[[package]]
name = "tower-http"
version = "0.4.4"
source = "registry+https://github.com/rust-lang/crates.io-index"
checksum = "6e4e3e3e3e3e3e3e3e3e3e3e3e3e3e3e3e3e3e3"
dependencies = [
 "bitflags 2.10.0",
 "bytes",
 "futures-core",
 "futures-util",
 "http 0.2.12",
 "http-body 0.4.6",
 "pin-project-lite",
 "tower 0.4.13",
 "tower-layer",
 "tower-service",
 "tracing",
]

[[package]]
name = "tower-layer"
version = "0.3.3"
source = "registry+https://github.com/rust-lang/crates.io-index"
checksum = "6e4e3e3e3e3e3e3e3e3e3e3e3e3e3e3e3e3e3e3"

[[package]]
name = "tower-service"
version = "0.3.3"
source = "registry+https://github.com/rust-lang/crates.io-index"
checksum = "6e4e3e3e3e3e3e3e3e3e3e3e3e3e3e3e3e3e3e3"

[[package]]
name = "tracing"
version = "0.1.43"
source = "registry+https://github.com/rust-lang/crates.io-index"
checksum = "6e4e3e3e3e3e3e3e3e3e3e3e3e3e3e3e3e3e3e3"
dependencies = [
 "pin-project-lite",
 "tracing-core",
]

[[package]]
name = "tracing-core"
version = "0.1.34"
source = "registry+https://github.com/rust-lang/crates.io-index"
checksum = "6e4e3e3e3e3e3e3e3e3e3e3e3e3e3e3e3e3e3e3"

[[package]]
name = "tracing-subscriber"
version = "0.3.21"
source = "registry+https://github.com/rust-lang/crates.io-index"
checksum = "6e4e3e3e3e3e3e3e3e3e3e3e3e3e3e3e3e3e3e3"
dependencies = [
 "tracing-core",
]

[[package]]
name = "try-lock"
version = "0.2.5"
source = "registry+https://github.com/rust-lang/crates.io-index"
checksum = "6e4e3e3e3e3e3e3e3e3e3e3e3e3e3e3e3e3e3e3"

[[package]]
name = "typenum"
version = "1.18.0"
source = "registry+https://github.com/rust-lang/crates.io-index"
checksum = "6e4e3e3e3e3e3e3e3e3e3e3e3e3e3e3e3e3e3e3"

[[package]]
name = "unicase"
version = "2.8.1"
source = "registry+https://github.com/rust-lang/crates.io-index"
checksum = "6e4e3e3e3e3e3e3e3e3e3e3e3e3e3e3e3e3e3e3"

[[package]]
name = "unicode-ident"
version = "1.0.18"
source = "registry+https://github.com/rust-lang/crates.io-index"
checksum = "6e4e3e3e3e3e3e3e3e3e3e3e3e3e3e3e3e3e3e3"

[[package]]
name = "unsafe-libyaml"
version = "0.2.11"
source = "registry+https://github.com/rust-lang/crates.io-index"
checksum = "6e4e3e3e3e3e3e3e3e3e3e3e3e3e3e3e3e3e3e3"

[[package]]
name = "untrusted"
version = "0.9.0"
source = "registry+https://github.com/rust-lang/crates.io-index"
checksum = "6e4e3e3e3e3e3e3e3e3e3e3e3e3e3e3e3e3e3e3"

[[package]]
name = "url"
version = "2.5.7"
source = "registry+https://github.com/rust-lang/crates.io-index"
checksum = "6e4e3e3e3e3e3e3e3e3e3e3e3e3e3e3e3e3e3e3"
dependencies = [
 "form_urlencoded",
 "idna",
 "percent-encoding",
]

[[package]]
name = "utf8_iter"
version = "1.0.4"
source = "registry+https://github.com/rust-lang/crates.io-index"
checksum = "6e4e3e3e3e3e3e3e3e3e3e3e3e3e3e3e3e3e3e3"

[[package]]
name = "uuid"
version = "1.18.1"
source = "registry+https://github.com/rust-lang/crates.io-index"
checksum = "6e4e3e3e3e3e3e3e3e3e3e3e3e3e3e3e3e3e3e3"
dependencies = [
 "getrandom 0.3.3",
]

[[package]]
name = "version_check"
version = "0.9.5"
source = "registry+https://github.com/rust-lang/crates.io-index"
checksum = "6e4e3e3e3e3e3e3e3e3e3e3e3e3e3e3e3e3e3e3"

[[package]]
name = "want"
version = "0.3.1"
source = "registry+https://github.com/rust-lang/crates.io-index"
checksum = "6e4e3e3e3e3e3e3e3e3e3e3e3e3e3e3e3e3e3e3"
dependencies = [
 "try-lock",
]

[[package]]
name = "wasi"
version = "0.13.3+wasi-0.2.4"
source = "registry+https://github.com/rust-lang/crates.io-index"
checksum = "6e4e3e3e3e3e3e3e3e3e3e3e3e3e3e3e3e3e3e3"

[[package]]
name = "wasm-bindgen"
version = "0.2.102"
source = "registry+https://github.com/rust-lang/crates.io-index"
checksum = "6e4e3e3e3e3e3e3e3e3e3e3e3e3e3e3e3e3e3e3"
dependencies = [
 "cfg-if",
 "once_cell",
 "wasm-bindgen-macro",
]

[[package]]
name = "wasm-bindgen-backend"
version = "0.2.102"
source = "registry+https://github.com/rust-lang/crates.io-index"
checksum = "6e4e3e3e3e3e3e3e3e3e3e3e3e3e3e3e3e3e3e3"
dependencies = [
 "bumpalo",
 "log",
 "proc-macro2",
 "quote",
 "syn 2.0.107",
 "wasm-bindgen-shared",
]

[[package]]
name = "wasm-bindgen-futures"
version = "0.4.52"
source = "registry+https://github.com/rust-lang/crates.io-index"
checksum = "6e4e3e3e3e3e3e3e3e3e3e3e3e3e3e3e3e3e3e3"
dependencies = [
 "cfg-if",
 "js-sys",
 "wasm-bindgen",
 "web-sys",
]

[[package]]
name = "wasm-bindgen-macro"
version = "0.2.102"
source = "registry+https://github.com/rust-lang/crates.io-index"
checksum = "6e4e3e3e3e3e3e3e3e3e3e3e3e3e3e3e3e3e3e3"
dependencies = [
 "quote",
 "wasm-bindgen-macro-support",
]

[[package]]
name = "wasm-bindgen-macro-support"
version = "0.2.102"
source = "registry+https://github.com/rust-lang/crates.io-index"
checksum = "6e4e3e3e3e3e3e3e3e3e3e3e3e3e3e3e3e3e3e3"
dependencies = [
 "proc-macro2",
 "quote",
 "syn 2.0.107",
 "wasm-bindgen-backend",
 "wasm-bindgen-shared",
]

[[package]]
name = "wasm-bindgen-shared"
version = "0.2.102"
source = "registry+https://github.com/rust-lang/crates.io-index"
checksum = "6e4e3e3e3e3e3e3e3e3e3e3e3e3e3e3e3e3e3e3"

[[package]]
name = "web-sys"
version = "0.3.79"
source = "registry+https://github.com/rust-lang/crates.io-index"
checksum = "6e4e3e3e3e3e3e3e3e3e3e3e3e3e3e3e3e3e3e3"
dependencies = [
 "js-sys",
 "wasm-bindgen",
]

[[package]]
name = "webpki-roots"
version = "0.26.11"
source = "registry+https://github.com/rust-lang/crates.io-index"
checksum = "6e4e3e3e3e3e3e3e3e3e3e3e3e3e3e3e3e3e3e3"
dependencies = [
 "webpki-roots-ccadb",
]

[[package]]
name = "webpki-roots-ccadb"
version = "0.1.1"
source = "registry+https://github.com/rust-lang/crates.io-index"
checksum = "6e4e3e3e3e3e3e3e3e3e3e3e3e3e3e3e3e3e3e3"

[[package]]
name = "windows-core"
version = "0.61.0"
source = "registry+https://github.com/rust-lang/crates.io-index"
checksum = "6e4e3e3e3e3e3e3e3e3e3e3e3e3e3e3e3e3e3e3"
dependencies = [
 "windows-implement",
 "windows-interface",
 "windows-link",
 "windows-result",
 "windows-strings",
]

[[package]]
name = "windows-implement"
version = "0.60.0"
source = "registry+https://github.com/rust-lang/crates.io-index"
checksum = "6e4e3e3e3e3e3e3e3e3e3e3e3e3e3e3e3e3e3e3"
dependencies = [
 "proc-macro2",
 "quote",
 "syn 2.0.107",
]

[[package]]
name = "windows-interface"
version = "0.59.1"
source = "registry+https://github.com/rust-lang/crates.io-index"
checksum = "6e4e3e3e3e3e3e3e3e3e3e3e3e3e3e3e3e3e3e3"
dependencies = [
 "proc-macro2",
 "quote",
 "syn 2.0.107",
]

[[package]]
name = "windows-link"
version = "0.2.1"
source = "registry+https://github.com/rust-lang/crates.io-index"
checksum = "6e4e3e3e3e3e3e3e3e3e3e3e3e3e3e3e3e3e3e3"

[[package]]
name = "windows-registry"
version = "0.5.1"
source = "registry+https://github.com/rust-lang/crates.io-index"
checksum = "6e4e3e3e3e3e3e3e3e3e3e3e3e3e3e3e3e3e3e3"
dependencies = [
 "windows-link",
]

[[package]]
name = "windows-result"
version = "0.3.2"
source = "registry+https://github.com/rust-lang/crates.io-index"
checksum = "6e4e3e3e3e3e3e3e3e3e3e3e3e3e3e3e3e3e3e3"
dependencies = [
 "windows-link",
]

[[package]]
name = "windows-strings"
version = "0.4.0"
source = "registry+https://github.com/rust-lang/crates.io-index"
checksum = "6e4e3e3e3e3e3e3e3e3e3e3e3e3e3e3e3e3e3e3"
dependencies = [
 "windows-link",
]

[[package]]
name = "windows-sys"
version = "0.61.2"
source = "registry+https://github.com/rust-lang/crates.io-index"
checksum = "6e4e3e3e3e3e3e3e3e3e3e3e3e3e3e3e3e3e3e3"
dependencies = [
 "windows-link",
]

[[package]]
name = "zerocopy"
version = "0.8.30"
source = "registry+https://github.com/rust-lang/crates.io-index"
checksum = "6e4e3e3e3e3e3e3e3e3e3e3e3e3e3e3e3e3e3e3"
dependencies = [
 "zerocopy-derive",
]

[[package]]
name = "zerocopy-derive"
version = "0.8.30"
source = "registry+https://github.com/rust-lang/crates.io-index"
checksum = "6e4e3e3e3e3e3e3e3e3e3e3e3e3e3e3e3e3e3e3"
dependencies = [
 "proc-macro2",
 "quote",
 "syn 2.0.107",
]

[[package]]
name = "zeroize"
version = "1.8.1"
source = "registry+https://github.com/rust-lang/crates.io-index"
checksum = "6e4e3e3e3e3e3e3e3e3e3e3e3e3e3e3e3e3e3e3"
